// !$*UTF8*$!
{
	archiveVersion = 1;
	classes = {
	};
	objectVersion = 50;
	objects = {

/* Begin PBXBuildFile section */
		DC6DF8212255A6030087AE00 /* main.cpp in Sources */ = {isa = PBXBuildFile; fileRef = DC6DF8202255A6030087AE00 /* main.cpp */; };
		DC6DF82C2255AD1E0087AE00 /* Zombie.cpp in Sources */ = {isa = PBXBuildFile; fileRef = DC6DF82B2255AD1E0087AE00 /* Zombie.cpp */; };
		DC6DF82F2255AFFD0087AE00 /* utilities.cpp in Sources */ = {isa = PBXBuildFile; fileRef = DC6DF82E2255AFFD0087AE00 /* utilities.cpp */; };
		DC6DF8312255B3920087AE00 /* Player.cpp in Sources */ = {isa = PBXBuildFile; fileRef = DC6DF8302255B3920087AE00 /* Player.cpp */; };
		DC6DF8332255B5550087AE00 /* Arena.cpp in Sources */ = {isa = PBXBuildFile; fileRef = DC6DF8322255B5550087AE00 /* Arena.cpp */; };
		DC6DF8352255B61B0087AE00 /* Game.cpp in Sources */ = {isa = PBXBuildFile; fileRef = DC6DF8342255B61B0087AE00 /* Game.cpp */; };
		DC6DF83822593FA00087AE00 /* History.cpp in Sources */ = {isa = PBXBuildFile; fileRef = DC6DF83622593FA00087AE00 /* History.cpp */; };
/* End PBXBuildFile section */

/* Begin PBXCopyFilesBuildPhase section */
		DC6DF81B2255A6030087AE00 /* CopyFiles */ = {
			isa = PBXCopyFilesBuildPhase;
			buildActionMask = 2147483647;
			dstPath = /usr/share/man/man1/;
			dstSubfolderSpec = 0;
			files = (
			);
			runOnlyForDeploymentPostprocessing = 1;
		};
/* End PBXCopyFilesBuildPhase section */

/* Begin PBXFileReference section */
		DC6DF81D2255A6030087AE00 /* CS32 project 1 */ = {isa = PBXFileReference; explicitFileType = "compiled.mach-o.executable"; includeInIndex = 0; path = "CS32 project 1"; sourceTree = BUILT_PRODUCTS_DIR; };
		DC6DF8202255A6030087AE00 /* main.cpp */ = {isa = PBXFileReference; lastKnownFileType = sourcecode.cpp.cpp; path = main.cpp; sourceTree = "<group>"; };
		DC6DF8272255A6BA0087AE00 /* Zombie.h */ = {isa = PBXFileReference; lastKnownFileType = sourcecode.c.h; path = Zombie.h; sourceTree = "<group>"; };
		DC6DF8282255A7B50087AE00 /* Player.h */ = {isa = PBXFileReference; lastKnownFileType = sourcecode.c.h; path = Player.h; sourceTree = "<group>"; };
		DC6DF8292255A8080087AE00 /* Arena.h */ = {isa = PBXFileReference; lastKnownFileType = sourcecode.c.h; path = Arena.h; sourceTree = "<group>"; };
		DC6DF82A2255AC2E0087AE00 /* globals.h */ = {isa = PBXFileReference; lastKnownFileType = sourcecode.c.h; path = globals.h; sourceTree = "<group>"; };
		DC6DF82B2255AD1E0087AE00 /* Zombie.cpp */ = {isa = PBXFileReference; lastKnownFileType = sourcecode.cpp.cpp; path = Zombie.cpp; sourceTree = "<group>"; };
		DC6DF82D2255ADB80087AE00 /* Game.h */ = {isa = PBXFileReference; lastKnownFileType = sourcecode.c.h; path = Game.h; sourceTree = "<group>"; };
		DC6DF82E2255AFFD0087AE00 /* utilities.cpp */ = {isa = PBXFileReference; lastKnownFileType = sourcecode.cpp.cpp; path = utilities.cpp; sourceTree = "<group>"; };
		DC6DF8302255B3920087AE00 /* Player.cpp */ = {isa = PBXFileReference; lastKnownFileType = sourcecode.cpp.cpp; path = Player.cpp; sourceTree = "<group>"; };
		DC6DF8322255B5550087AE00 /* Arena.cpp */ = {isa = PBXFileReference; lastKnownFileType = sourcecode.cpp.cpp; path = Arena.cpp; sourceTree = "<group>"; };
		DC6DF8342255B61B0087AE00 /* Game.cpp */ = {isa = PBXFileReference; lastKnownFileType = sourcecode.cpp.cpp; path = Game.cpp; sourceTree = "<group>"; };
		DC6DF83622593FA00087AE00 /* History.cpp */ = {isa = PBXFileReference; lastKnownFileType = sourcecode.cpp.cpp; path = History.cpp; sourceTree = "<group>"; };
		DC6DF83722593FA00087AE00 /* History.h */ = {isa = PBXFileReference; lastKnownFileType = sourcecode.c.h; path = History.h; sourceTree = "<group>"; };
/* End PBXFileReference section */

/* Begin PBXFrameworksBuildPhase section */
		DC6DF81A2255A6030087AE00 /* Frameworks */ = {
			isa = PBXFrameworksBuildPhase;
			buildActionMask = 2147483647;
			files = (
			);
			runOnlyForDeploymentPostprocessing = 0;
		};
/* End PBXFrameworksBuildPhase section */

/* Begin PBXGroup section */
		DC6DF8142255A6030087AE00 = {
			isa = PBXGroup;
			children = (
				DC6DF81F2255A6030087AE00 /* CS32 project 1 */,
				DC6DF81E2255A6030087AE00 /* Products */,
			);
			sourceTree = "<group>";
		};
		DC6DF81E2255A6030087AE00 /* Products */ = {
			isa = PBXGroup;
			children = (
				DC6DF81D2255A6030087AE00 /* CS32 project 1 */,
			);
			name = Products;
			sourceTree = "<group>";
		};
		DC6DF81F2255A6030087AE00 /* CS32 project 1 */ = {
			isa = PBXGroup;
			children = (
				DC6DF8202255A6030087AE00 /* main.cpp */,
				DC6DF83622593FA00087AE00 /* History.cpp */,
				DC6DF83722593FA00087AE00 /* History.h */,
				DC6DF8322255B5550087AE00 /* Arena.cpp */,
				DC6DF82D2255ADB80087AE00 /* Game.h */,
				DC6DF82B2255AD1E0087AE00 /* Zombie.cpp */,
				DC6DF8342255B61B0087AE00 /* Game.cpp */,
				DC6DF82A2255AC2E0087AE00 /* globals.h */,
				DC6DF82E2255AFFD0087AE00 /* utilities.cpp */,
				DC6DF8302255B3920087AE00 /* Player.cpp */,
				DC6DF8292255A8080087AE00 /* Arena.h */,
				DC6DF8282255A7B50087AE00 /* Player.h */,
				DC6DF8272255A6BA0087AE00 /* Zombie.h */,
			);
			path = "CS32 project 1";
			sourceTree = "<group>";
		};
/* End PBXGroup section */

/* Begin PBXNativeTarget section */
		DC6DF81C2255A6030087AE00 /* CS32 project 1 */ = {
			isa = PBXNativeTarget;
			buildConfigurationList = DC6DF8242255A6030087AE00 /* Build configuration list for PBXNativeTarget "CS32 project 1" */;
			buildPhases = (
				DC6DF8192255A6030087AE00 /* Sources */,
				DC6DF81A2255A6030087AE00 /* Frameworks */,
				DC6DF81B2255A6030087AE00 /* CopyFiles */,
			);
			buildRules = (
			);
			dependencies = (
			);
			name = "CS32 project 1";
			productName = "CS32 project 1";
			productReference = DC6DF81D2255A6030087AE00 /* CS32 project 1 */;
			productType = "com.apple.product-type.tool";
		};
/* End PBXNativeTarget section */

/* Begin PBXProject section */
		DC6DF8152255A6030087AE00 /* Project object */ = {
			isa = PBXProject;
			attributes = {
				LastUpgradeCheck = 1010;
				ORGANIZATIONNAME = "Caden McQuillen";
				TargetAttributes = {
					DC6DF81C2255A6030087AE00 = {
						CreatedOnToolsVersion = 10.1;
					};
				};
			};
			buildConfigurationList = DC6DF8182255A6030087AE00 /* Build configuration list for PBXProject "CS32 project 1" */;
			compatibilityVersion = "Xcode 9.3";
			developmentRegion = en;
			hasScannedForEncodings = 0;
			knownRegions = (
				en,
			);
			mainGroup = DC6DF8142255A6030087AE00;
			productRefGroup = DC6DF81E2255A6030087AE00 /* Products */;
			projectDirPath = "";
			projectRoot = "";
			targets = (
				DC6DF81C2255A6030087AE00 /* CS32 project 1 */,
			);
		};
/* End PBXProject section */

/* Begin PBXSourcesBuildPhase section */
		DC6DF8192255A6030087AE00 /* Sources */ = {
			isa = PBXSourcesBuildPhase;
			buildActionMask = 2147483647;
			files = (
				DC6DF8312255B3920087AE00 /* Player.cpp in Sources */,
				DC6DF82F2255AFFD0087AE00 /* utilities.cpp in Sources */,
				DC6DF8332255B5550087AE00 /* Arena.cpp in Sources */,
				DC6DF8352255B61B0087AE00 /* Game.cpp in Sources */,
				DC6DF8212255A6030087AE00 /* main.cpp in Sources */,
				DC6DF82C2255AD1E0087AE00 /* Zombie.cpp in Sources */,
				DC6DF83822593FA00087AE00 /* History.cpp in Sources */,
			);
			runOnlyForDeploymentPostprocessing = 0;
		};
/* End PBXSourcesBuildPhase section */

/* Begin XCBuildConfiguration section */
		DC6DF8222255A6030087AE00 /* Debug */ = {
			isa = XCBuildConfiguration;
			buildSettings = {
				ALWAYS_SEARCH_USER_PATHS = NO;
				CLANG_ANALYZER_NONNULL = YES;
				CLANG_ANALYZER_NUMBER_OBJECT_CONVERSION = YES_AGGRESSIVE;
				CLANG_CXX_LANGUAGE_STANDARD = "gnu++14";
				CLANG_CXX_LIBRARY = "libc++";
				CLANG_ENABLE_MODULES = YES;
				CLANG_ENABLE_OBJC_ARC = YES;
				CLANG_ENABLE_OBJC_WEAK = YES;
				CLANG_WARN_BLOCK_CAPTURE_AUTORELEASING = YES;
				CLANG_WARN_BOOL_CONVERSION = YES;
				CLANG_WARN_COMMA = YES;
				CLANG_WARN_CONSTANT_CONVERSION = YES;
				CLANG_WARN_DEPRECATED_OBJC_IMPLEMENTATIONS = YES;
				CLANG_WARN_DIRECT_OBJC_ISA_USAGE = YES_ERROR;
				CLANG_WARN_DOCUMENTATION_COMMENTS = YES;
				CLANG_WARN_EMPTY_BODY = YES;
				CLANG_WARN_ENUM_CONVERSION = YES;
				CLANG_WARN_INFINITE_RECURSION = YES;
				CLANG_WARN_INT_CONVERSION = YES;
				CLANG_WARN_NON_LITERAL_NULL_CONVERSION = YES;
				CLANG_WARN_OBJC_IMPLICIT_RETAIN_SELF = YES;
				CLANG_WARN_OBJC_LITERAL_CONVERSION = YES;
				CLANG_WARN_OBJC_ROOT_CLASS = YES_ERROR;
				CLANG_WARN_RANGE_LOOP_ANALYSIS = YES;
				CLANG_WARN_STRICT_PROTOTYPES = YES;
				CLANG_WARN_SUSPICIOUS_MOVE = YES;
				CLANG_WARN_UNGUARDED_AVAILABILITY = YES_AGGRESSIVE;
				CLANG_WARN_UNREACHABLE_CODE = YES;
				CLANG_WARN__DUPLICATE_METHOD_MATCH = YES;
				CODE_SIGN_IDENTITY = "-";
				COPY_PHASE_STRIP = NO;
				DEBUG_INFORMATION_FORMAT = dwarf;
				ENABLE_STRICT_OBJC_MSGSEND = YES;
				ENABLE_TESTABILITY = YES;
				GCC_C_LANGUAGE_STANDARD = gnu11;
				GCC_DYNAMIC_NO_PIC = NO;
				GCC_NO_COMMON_BLOCKS = YES;
				GCC_OPTIMIZATION_LEVEL = 0;
				GCC_PREPROCESSOR_DEFINITIONS = (
					"DEBUG=1",
					"$(inherited)",
				);
				GCC_WARN_64_TO_32_BIT_CONVERSION = YES;
				GCC_WARN_ABOUT_RETURN_TYPE = YES_ERROR;
				GCC_WARN_UNDECLARED_SELECTOR = YES;
				GCC_WARN_UNINITIALIZED_AUTOS = YES_AGGRESSIVE;
				GCC_WARN_UNUSED_FUNCTION = YES;
				GCC_WARN_UNUSED_VARIABLE = YES;
				MACOSX_DEPLOYMENT_TARGET = 10.14;
				MTL_ENABLE_DEBUG_INFO = INCLUDE_SOURCE;
				MTL_FAST_MATH = YES;
				ONLY_ACTIVE_ARCH = YES;
				SDKROOT = macosx;
			};
			name = Debug;
		};
		DC6DF8232255A6030087AE00 /* Release */ = {
			isa = XCBuildConfiguration;
			buildSettings = {
				ALWAYS_SEARCH_USER_PATHS = NO;
				CLANG_ANALYZER_NONNULL = YES;
				CLANG_ANALYZER_NUMBER_OBJECT_CONVERSION = YES_AGGRESSIVE;
				CLANG_CXX_LANGUAGE_STANDARD = "gnu++14";
				CLANG_CXX_LIBRARY = "libc++";
				CLANG_ENABLE_MODULES = YES;
				CLANG_ENABLE_OBJC_ARC = YES;
				CLANG_ENABLE_OBJC_WEAK = YES;
				CLANG_WARN_BLOCK_CAPTURE_AUTORELEASING = YES;
				CLANG_WARN_BOOL_CONVERSION = YES;
				CLANG_WARN_COMMA = YES;
				CLANG_WARN_CONSTANT_CONVERSION = YES;
				CLANG_WARN_DEPRECATED_OBJC_IMPLEMENTATIONS = YES;
				CLANG_WARN_DIRECT_OBJC_ISA_USAGE = YES_ERROR;
				CLANG_WARN_DOCUMENTATION_COMMENTS = YES;
				CLANG_WARN_EMPTY_BODY = YES;
				CLANG_WARN_ENUM_CONVERSION = YES;
				CLANG_WARN_INFINITE_RECURSION = YES;
				CLANG_WARN_INT_CONVERSION = YES;
				CLANG_WARN_NON_LITERAL_NULL_CONVERSION = YES;
				CLANG_WARN_OBJC_IMPLICIT_RETAIN_SELF = YES;
				CLANG_WARN_OBJC_LITERAL_CONVERSION = YES;
				CLANG_WARN_OBJC_ROOT_CLASS = YES_ERROR;
				CLANG_WARN_RANGE_LOOP_ANALYSIS = YES;
				CLANG_WARN_STRICT_PROTOTYPES = YES;
				CLANG_WARN_SUSPICIOUS_MOVE = YES;
				CLANG_WARN_UNGUARDED_AVAILABILITY = YES_AGGRESSIVE;
				CLANG_WARN_UNREACHABLE_CODE = YES;
				CLANG_WARN__DUPLICATE_METHOD_MATCH = YES;
				CODE_SIGN_IDENTITY = "-";
				COPY_PHASE_STRIP = NO;
				DEBUG_INFORMATION_FORMAT = "dwarf-with-dsym";
				ENABLE_NS_ASSERTIONS = NO;
				ENABLE_STRICT_OBJC_MSGSEND = YES;
				GCC_C_LANGUAGE_STANDARD = gnu11;
				GCC_NO_COMMON_BLOCKS = YES;
				GCC_WARN_64_TO_32_BIT_CONVERSION = YES;
				GCC_WARN_ABOUT_RETURN_TYPE = YES_ERROR;
				GCC_WARN_UNDECLARED_SELECTOR = YES;
				GCC_WARN_UNINITIALIZED_AUTOS = YES_AGGRESSIVE;
				GCC_WARN_UNUSED_FUNCTION = YES;
				GCC_WARN_UNUSED_VARIABLE = YES;
				MACOSX_DEPLOYMENT_TARGET = 10.14;
				MTL_ENABLE_DEBUG_INFO = NO;
				MTL_FAST_MATH = YES;
				SDKROOT = macosx;
			};
			name = Release;
		};
		DC6DF8252255A6030087AE00 /* Debug */ = {
			isa = XCBuildConfiguration;
			buildSettings = {
				CODE_SIGN_STYLE = Automatic;
				PRODUCT_NAME = "$(TARGET_NAME)";
			};
			name = Debug;
		};
		DC6DF8262255A6030087AE00 /* Release */ = {
			isa = XCBuildConfiguration;
			buildSettings = {
				CODE_SIGN_STYLE = Automatic;
				PRODUCT_NAME = "$(TARGET_NAME)";
			};
			name = Release;
		};
/* End XCBuildConfiguration section */

/* Begin XCConfigurationList section */
		DC6DF8182255A6030087AE00 /* Build configuration list for PBXProject "CS32 project 1" */ = {
			isa = XCConfigurationList;
			buildConfigurations = (
				DC6DF8222255A6030087AE00 /* Debug */,
				DC6DF8232255A6030087AE00 /* Release */,
			);
			defaultConfigurationIsVisible = 0;
			defaultConfigurationName = Release;
		};
		DC6DF8242255A6030087AE00 /* Build configuration list for PBXNativeTarget "CS32 project 1" */ = {
			isa = XCConfigurationList;
			buildConfigurations = (
				DC6DF8252255A6030087AE00 /* Debug */,
				DC6DF8262255A6030087AE00 /* Release */,
			);
			defaultConfigurationIsVisible = 0;
			defaultConfigurationName = Release;
		};
/* End XCConfigurationList section */
	};
	rootObject = DC6DF8152255A6030087AE00 /* Project object */;
}
